
Microsoft Visual Studio Solution File, Format Version 12.00
# Visual Studio Version 16
VisualStudioVersion = 16.0.29911.84
MinimumVisualStudioVersion = 10.0.40219.1
Project("{9A19103F-16F7-4668-BE54-9A1E7A4F7556}") = "NormaSample.Web", "NormaSample.Web\NormaSample.Web.csproj", "{803C4231-561A-4F5D-AA99-068748B60A71}"
EndProject
Project("{2150E333-8FDC-42A3-9474-1A3956D46DE8}") = "Norma", "Norma", "{4D221E4D-905C-4B04-A9CB-BBC4B43438A5}"
EndProject
Project("{9A19103F-16F7-4668-BE54-9A1E7A4F7556}") = "EC.Norma", "..\..\src\Norma\EC.Norma\EC.Norma.csproj", "{AF741C6F-AC44-41A3-BE35-A3BF54616737}"
EndProject
Project("{9A19103F-16F7-4668-BE54-9A1E7A4F7556}") = "EC.Norma.EF", "..\..\src\Norma\EC.Norma.EF\EC.Norma.EF.csproj", "{33B411DC-D250-4150-A021-FB346964871C}"
EndProject
Project("{00D1A9C2-B5F0-4AF3-8072-F6C62B433612}") = "EC.Norma.Db", "..\..\src\Norma\EC.Norma.Db\EC.Norma.Db.sqlproj", "{C65C1EE0-63A6-44E2-B479-5A9217BF6D23}"
EndProject
Project("{00D1A9C2-B5F0-4AF3-8072-F6C62B433612}") = "NormaSample.Db", "NormaSample.Db\NormaSample.Db.sqlproj", "{93A8D0A5-3F60-4C0D-8684-6FAB8E7786ED}"
	ProjectSection(ProjectDependencies) = postProject
		{C65C1EE0-63A6-44E2-B479-5A9217BF6D23} = {C65C1EE0-63A6-44E2-B479-5A9217BF6D23}
	EndProjectSection
EndProject
Project("{2150E333-8FDC-42A3-9474-1A3956D46DE8}") = "Tests", "Tests", "{A656A948-7B8C-44B0-94AD-83A7A61430F4}"
EndProject
Project("{9A19103F-16F7-4668-BE54-9A1E7A4F7556}") = "EC.Norma.Tests", "..\..\src\Norma\EC.Norma.Tests\EC.Norma.Tests.csproj", "{B1E6518D-A829-4906-81FC-977F1863317F}"
EndProject
Project("{9A19103F-16F7-4668-BE54-9A1E7A4F7556}") = "EC.Norma.Options.Tests", "..\..\src\Norma\EC.Norma.Options.Tests\EC.Norma.Options.Tests.csproj", "{88474B51-76FF-4CFE-B1BE-D9367D062C85}"
EndProject
Project("{9A19103F-16F7-4668-BE54-9A1E7A4F7556}") = "Ec.Norma.Json", "..\..\src\Norma\Ec.Norma.Json\Ec.Norma.Json.csproj", "{75112561-012D-4A92-B6F7-1AC244161715}"
EndProject
Project("{9A19103F-16F7-4668-BE54-9A1E7A4F7556}") = "EC.Norma.TestUtils", "..\..\src\Norma\EC.Norma.TestUtils\EC.Norma.TestUtils.csproj", "{8DA225CB-4F54-4FF1-8FEB-2C8198F5EB7A}"
EndProject
Global
	GlobalSection(SolutionConfigurationPlatforms) = preSolution
		Debug|Any CPU = Debug|Any CPU
		Release|Any CPU = Release|Any CPU
	EndGlobalSection
	GlobalSection(ProjectConfigurationPlatforms) = postSolution
		{803C4231-561A-4F5D-AA99-068748B60A71}.Debug|Any CPU.ActiveCfg = Debug|Any CPU
		{803C4231-561A-4F5D-AA99-068748B60A71}.Debug|Any CPU.Build.0 = Debug|Any CPU
		{803C4231-561A-4F5D-AA99-068748B60A71}.Release|Any CPU.ActiveCfg = Release|Any CPU
		{803C4231-561A-4F5D-AA99-068748B60A71}.Release|Any CPU.Build.0 = Release|Any CPU
		{AF741C6F-AC44-41A3-BE35-A3BF54616737}.Debug|Any CPU.ActiveCfg = Debug|Any CPU
		{AF741C6F-AC44-41A3-BE35-A3BF54616737}.Debug|Any CPU.Build.0 = Debug|Any CPU
		{AF741C6F-AC44-41A3-BE35-A3BF54616737}.Release|Any CPU.ActiveCfg = Release|Any CPU
		{AF741C6F-AC44-41A3-BE35-A3BF54616737}.Release|Any CPU.Build.0 = Release|Any CPU
		{33B411DC-D250-4150-A021-FB346964871C}.Debug|Any CPU.ActiveCfg = Debug|Any CPU
		{33B411DC-D250-4150-A021-FB346964871C}.Debug|Any CPU.Build.0 = Debug|Any CPU
		{33B411DC-D250-4150-A021-FB346964871C}.Release|Any CPU.ActiveCfg = Release|Any CPU
		{33B411DC-D250-4150-A021-FB346964871C}.Release|Any CPU.Build.0 = Release|Any CPU
		{C65C1EE0-63A6-44E2-B479-5A9217BF6D23}.Debug|Any CPU.ActiveCfg = Debug|Any CPU
		{C65C1EE0-63A6-44E2-B479-5A9217BF6D23}.Debug|Any CPU.Build.0 = Debug|Any CPU
		{C65C1EE0-63A6-44E2-B479-5A9217BF6D23}.Debug|Any CPU.Deploy.0 = Debug|Any CPU
		{C65C1EE0-63A6-44E2-B479-5A9217BF6D23}.Release|Any CPU.ActiveCfg = Release|Any CPU
		{C65C1EE0-63A6-44E2-B479-5A9217BF6D23}.Release|Any CPU.Build.0 = Release|Any CPU
		{C65C1EE0-63A6-44E2-B479-5A9217BF6D23}.Release|Any CPU.Deploy.0 = Release|Any CPU
		{93A8D0A5-3F60-4C0D-8684-6FAB8E7786ED}.Debug|Any CPU.ActiveCfg = Debug|Any CPU
		{93A8D0A5-3F60-4C0D-8684-6FAB8E7786ED}.Debug|Any CPU.Build.0 = Debug|Any CPU
		{93A8D0A5-3F60-4C0D-8684-6FAB8E7786ED}.Debug|Any CPU.Deploy.0 = Debug|Any CPU
		{93A8D0A5-3F60-4C0D-8684-6FAB8E7786ED}.Release|Any CPU.ActiveCfg = Release|Any CPU
		{93A8D0A5-3F60-4C0D-8684-6FAB8E7786ED}.Release|Any CPU.Build.0 = Release|Any CPU
		{93A8D0A5-3F60-4C0D-8684-6FAB8E7786ED}.Release|Any CPU.Deploy.0 = Release|Any CPU
		{B1E6518D-A829-4906-81FC-977F1863317F}.Debug|Any CPU.ActiveCfg = Debug|Any CPU
		{B1E6518D-A829-4906-81FC-977F1863317F}.Debug|Any CPU.Build.0 = Debug|Any CPU
		{B1E6518D-A829-4906-81FC-977F1863317F}.Release|Any CPU.ActiveCfg = Release|Any CPU
		{B1E6518D-A829-4906-81FC-977F1863317F}.Release|Any CPU.Build.0 = Release|Any CPU
		{88474B51-76FF-4CFE-B1BE-D9367D062C85}.Debug|Any CPU.ActiveCfg = Debug|Any CPU
		{88474B51-76FF-4CFE-B1BE-D9367D062C85}.Debug|Any CPU.Build.0 = Debug|Any CPU
		{88474B51-76FF-4CFE-B1BE-D9367D062C85}.Release|Any CPU.ActiveCfg = Release|Any CPU
		{88474B51-76FF-4CFE-B1BE-D9367D062C85}.Release|Any CPU.Build.0 = Release|Any CPU
		{75112561-012D-4A92-B6F7-1AC244161715}.Debug|Any CPU.ActiveCfg = Debug|Any CPU
		{75112561-012D-4A92-B6F7-1AC244161715}.Debug|Any CPU.Build.0 = Debug|Any CPU
		{75112561-012D-4A92-B6F7-1AC244161715}.Release|Any CPU.ActiveCfg = Release|Any CPU
		{75112561-012D-4A92-B6F7-1AC244161715}.Release|Any CPU.Build.0 = Release|Any CPU
		{8DA225CB-4F54-4FF1-8FEB-2C8198F5EB7A}.Debug|Any CPU.ActiveCfg = Debug|Any CPU
		{8DA225CB-4F54-4FF1-8FEB-2C8198F5EB7A}.Debug|Any CPU.Build.0 = Debug|Any CPU
		{8DA225CB-4F54-4FF1-8FEB-2C8198F5EB7A}.Release|Any CPU.ActiveCfg = Release|Any CPU
		{8DA225CB-4F54-4FF1-8FEB-2C8198F5EB7A}.Release|Any CPU.Build.0 = Release|Any CPU
	EndGlobalSection
	GlobalSection(SolutionProperties) = preSolution
		HideSolutionNode = FALSE
	EndGlobalSection
	GlobalSection(NestedProjects) = preSolution
		{AF741C6F-AC44-41A3-BE35-A3BF54616737} = {4D221E4D-905C-4B04-A9CB-BBC4B43438A5}
		{33B411DC-D250-4150-A021-FB346964871C} = {4D221E4D-905C-4B04-A9CB-BBC4B43438A5}
		{C65C1EE0-63A6-44E2-B479-5A9217BF6D23} = {4D221E4D-905C-4B04-A9CB-BBC4B43438A5}
		{B1E6518D-A829-4906-81FC-977F1863317F} = {A656A948-7B8C-44B0-94AD-83A7A61430F4}
		{88474B51-76FF-4CFE-B1BE-D9367D062C85} = {A656A948-7B8C-44B0-94AD-83A7A61430F4}
		{75112561-012D-4A92-B6F7-1AC244161715} = {4D221E4D-905C-4B04-A9CB-BBC4B43438A5}
		{8DA225CB-4F54-4FF1-8FEB-2C8198F5EB7A} = {A656A948-7B8C-44B0-94AD-83A7A61430F4}
	EndGlobalSection
	GlobalSection(ExtensibilityGlobals) = postSolution
		SolutionGuid = {83F1572B-2E81-49D1-975D-8D81C0E065A0}
	EndGlobalSection
EndGlobal
